# Generated by conda-lock.
# platform: linux-64
# input_hash: 977098063f9a66e3b61f4a85d2d99bde67904ae11660e2c4d036f1fad8be1d57
@EXPLICIT
https://conda.anaconda.org/conda-forge/linux-64/_libgcc_mutex-0.1-conda_forge.tar.bz2#d7c89558ba9fa0495403155b64376d81
https://repo.anaconda.com/pkgs/main/linux-64/blas-1.0-mkl.conda#9a7a051e9bd41da46523acb017d8a517
https://repo.anaconda.com/pkgs/main/linux-64/ca-certificates-2023.08.22-h06a4308_0.conda#243d5065a09a3e85ab888c05f5b6445a
https://repo.anaconda.com/pkgs/main/linux-64/ld_impl_linux-64-2.38-h1181459_1.conda#68eedfd9c06f2b0e6888d8db345b7f5b
https://repo.anaconda.com/pkgs/main/linux-64/libgfortran5-11.2.0-h1234567_1.conda#36a01a8c30e0cadf0d3e842c50b73f3b
https://repo.anaconda.com/pkgs/main/noarch/tzdata-2023c-h04d1e81_0.conda#29db02adf8808f7c64642cead3e28acd
https://repo.anaconda.com/pkgs/main/linux-64/libgfortran-ng-11.2.0-h00389a5_1.conda#7429b67ab7b1d7cb99b9d1f3ddaec6e3
https://conda.anaconda.org/conda-forge/linux-64/libgomp-13.2.0-h807b86a_3.conda#7124cbb46b13d395bdde68f2d215c989
https://repo.anaconda.com/pkgs/main/linux-64/libstdcxx-ng-11.2.0-h1234567_1.conda#57623d10a70e09e1d048c2b2b6f4e2dd
https://conda.anaconda.org/conda-forge/linux-64/_openmp_mutex-4.5-2_gnu.tar.bz2#73aaf86a425cc6e73fcf236a5a46396d
https://conda.anaconda.org/conda-forge/linux-64/libgcc-ng-13.2.0-h807b86a_3.conda#23fdf1fef05baeb7eadc2aed5fb0011f
https://repo.anaconda.com/pkgs/main/linux-64/bzip2-1.0.8-h7b6447c_0.conda#9303f4af7c004e069bae22bde8d800ee
https://repo.anaconda.com/pkgs/main/linux-64/c-ares-1.19.1-h5eee18b_0.conda#6cfbce52273a1cb888821f18ceaa83c4
https://repo.anaconda.com/pkgs/main/linux-64/expat-2.5.0-h6a678d5_0.conda#9a21d99d49a0a556cf9590430dec8ec0
https://repo.anaconda.com/pkgs/main/linux-64/jpeg-9e-h5eee18b_1.conda#ac373800fda872108412d1ccfe3fa572
https://repo.anaconda.com/pkgs/main/linux-64/libev-4.33-h7f8727e_1.conda#5065620db4393fb549f30114a33897d1
https://repo.anaconda.com/pkgs/main/linux-64/libffi-3.4.4-h6a678d5_0.conda#06e288f9250abef59b9a367d151fc339
https://repo.anaconda.com/pkgs/main/linux-64/lz4-c-1.9.4-h6a678d5_0.conda#53915e9402180a7f22ea619c41089520
https://repo.anaconda.com/pkgs/main/linux-64/ncurses-6.4-h6a678d5_0.conda#5558eec6e2191741a92f832ea826251c
https://repo.anaconda.com/pkgs/main/linux-64/openssl-3.0.12-h7f8727e_0.conda#48caaebab690276acf1bc1f3b56febf4
https://repo.anaconda.com/pkgs/main/linux-64/pcre-8.45-h295c915_0.conda#b32ccc24d1d9808618c1e898da60f68d
https://repo.anaconda.com/pkgs/main/linux-64/tbb-2021.8.0-hdb19cb5_0.conda#869373905a6bfacbb967abc98516dd85
https://repo.anaconda.com/pkgs/main/linux-64/xz-5.4.2-h5eee18b_0.conda#bcd31de48a0dcb44bc5b99675800c5cc
https://repo.anaconda.com/pkgs/main/linux-64/yaml-0.2.5-h7b6447c_0.conda#39fdbf4db769e494ffb06d95680c83d8
https://repo.anaconda.com/pkgs/main/linux-64/zlib-1.2.13-h5eee18b_0.conda#333e31fbfbb5057c92fa845ad6adef93
https://repo.anaconda.com/pkgs/main/linux-64/glib-2.69.1-he621ea3_2.conda#51cf1899782b3f3744aedd143fbc07f3
https://repo.anaconda.com/pkgs/main/linux-64/hdf4-4.2.13-h3ca952b_2.conda#99f7b578c71893c6ffbe359499374048
https://repo.anaconda.com/pkgs/main/linux-64/intel-openmp-2023.1.0-hdb19cb5_46306.conda#8c3c1916f770196bf998c8310178ae55
https://repo.anaconda.com/pkgs/main/linux-64/libedit-3.1.20221030-h5eee18b_0.conda#7c724a17739aceaf9d1633ff06962137
https://repo.anaconda.com/pkgs/main/linux-64/libnghttp2-1.57.0-h2d74bed_0.conda#674871621300f54e7ffcf93e6e341638
https://repo.anaconda.com/pkgs/main/linux-64/libssh2-1.10.0-hdbd6064_2.conda#8a427fcc8b7c76b3b31543ffa77eb3b7
https://repo.anaconda.com/pkgs/main/linux-64/readline-8.2-h5eee18b_0.conda#be42180685cce6e6b0329201d9f48efb
https://repo.anaconda.com/pkgs/main/linux-64/tk-8.6.12-h1ccaba5_0.conda#fa10ff4aa631fa4aa090a6234d7770b9
https://repo.anaconda.com/pkgs/main/linux-64/zstd-1.5.5-hc292b87_0.conda#0f59d57dc21f585f4c282d60dfb46505
https://repo.anaconda.com/pkgs/main/linux-64/dbus-1.13.18-hb2f20db_0.conda#6a6a6f1391f807847404344489ef6cf4
https://repo.anaconda.com/pkgs/main/linux-64/krb5-1.20.1-h143b758_1.conda#cf1accc86321fa25d6b978cc748039ae
https://repo.anaconda.com/pkgs/main/linux-64/libzip-1.8.0-h6ac8c49_1.conda#7c1d0d022fd0a0cf0e71d4a80ba7c788
https://repo.anaconda.com/pkgs/main/linux-64/mkl-2023.1.0-h213fc3f_46344.conda#83e5adf5b75242d8d7634615fed37c72
https://repo.anaconda.com/pkgs/main/linux-64/sqlite-3.41.2-h5eee18b_0.conda#c7086c9ceb6cfe1c4c729a774a2d88a5
https://repo.anaconda.com/pkgs/main/linux-64/libcurl-8.4.0-h251f7ec_0.conda#5d0080eb92eaf6d9fd343dd97a141dde
https://repo.anaconda.com/pkgs/main/linux-64/python-3.9.18-h955ad1f_0.conda#65fb745edecf85675ed0487fc54316b5
https://repo.anaconda.com/pkgs/main/noarch/appdirs-1.4.4-pyhd3eb1b0_0.conda#5673d98d06171cb6eed03a6736845c4d
https://repo.anaconda.com/pkgs/main/linux-64/brotli-python-1.0.9-py39h6a678d5_7.conda#36019f0e5c2782cf316394a3d6796f11
https://repo.anaconda.com/pkgs/main/noarch/cachy-0.3.0-pyhd3eb1b0_0.conda#fcb19b85ad100b509f744e339c50871e
https://repo.anaconda.com/pkgs/main/linux-64/certifi-2023.7.22-py39h06a4308_0.conda#3ac985f67c689ae7dde1026270981018
https://repo.anaconda.com/pkgs/main/noarch/charset-normalizer-2.0.4-pyhd3eb1b0_0.conda#e7a441d94234b2b5fafee06e25dbf076
https://repo.anaconda.com/pkgs/main/linux-64/click-8.1.7-py39h06a4308_0.conda#7e945d4a3fb08423f325529aff7a8dcf
https://repo.anaconda.com/pkgs/main/noarch/crashtest-0.3.1-pyhd3eb1b0_1.conda#cc0df6f8162939216c20d9c2772f4b68
https://repo.anaconda.com/pkgs/main/linux-64/distlib-0.3.6-py39h06a4308_0.conda#f8537e899af8d15b488c4a4dba23cfc9
https://repo.anaconda.com/pkgs/main/linux-64/filelock-3.9.0-py39h06a4308_0.conda#077473eb25b422637a6e4ee26a9c507d
https://repo.anaconda.com/pkgs/main/linux-64/hdf5-1.12.1-h2b7332f_3.conda#fd13a779c6309d80f943429effe46f21
https://repo.anaconda.com/pkgs/main/linux-64/idna-3.4-py39h06a4308_0.conda#92ee6ebc3f880fe03d98f90d122d4719
https://repo.anaconda.com/pkgs/main/noarch/jeepney-0.7.1-pyhd3eb1b0_0.conda#f115ef0af90b59f35ef56743955979a4
https://repo.anaconda.com/pkgs/main/linux-64/lockfile-0.12.2-py39h06a4308_0.tar.bz2#34a76c18f0ccc3ad6f0f5d37f1c9fd25
https://repo.anaconda.com/pkgs/main/linux-64/markupsafe-2.1.1-py39h7f8727e_0.conda#81867b86384d8b25db1141c360803b5f
https://repo.anaconda.com/pkgs/main/linux-64/mkl-service-2.4.0-py39h5eee18b_1.conda#32e7eaf513339e57f1969bdf2023cbc0
https://repo.anaconda.com/pkgs/main/noarch/more-itertools-8.12.0-pyhd3eb1b0_0.conda#ac1210cc005fb8bd631ea8beb8343332
https://repo.anaconda.com/pkgs/main/linux-64/msgpack-python-1.0.3-py39hd09550d_0.conda#98c77043496513b7c7d7acb3fcc1a394
https://repo.anaconda.com/pkgs/main/linux-64/packaging-23.1-py39h06a4308_0.conda#b8179f352917de28dd6bdbbb79e1db3f
https://repo.anaconda.com/pkgs/main/noarch/pastel-0.2.1-py_0.conda#81a0d5c930710445569d9a2f5137d6a2
https://repo.anaconda.com/pkgs/main/linux-64/pkginfo-1.9.6-py39h06a4308_0.conda#307c728b9bfa4ed1ff27b57d32463c22
https://repo.anaconda.com/pkgs/main/linux-64/platformdirs-2.5.2-py39h06a4308_0.conda#f90b2f33e16c086722922a2a4447f61d
https://repo.anaconda.com/pkgs/main/noarch/pycparser-2.21-pyhd3eb1b0_0.conda#135a72ff2a31150a3a3ff0b1edd41ca9
https://repo.anaconda.com/pkgs/main/noarch/pylev-1.3.0-py_0.conda#8753b52aad70b2ed2ebaa6031853c816
https://repo.anaconda.com/pkgs/main/linux-64/pysocks-1.7.1-py39h06a4308_0.conda#0a2dc6c521fd674b11a99dea461c2d84
https://conda.anaconda.org/conda-forge/linux-64/python_abi-3.9-2_cp39.tar.bz2#39adde4247484de2bb4000122fdcf665
https://repo.anaconda.com/pkgs/main/linux-64/pyyaml-6.0.1-py39h5eee18b_0.conda#1cdd54bcc5c257b332cf4fe580e8e1fd
https://repo.anaconda.com/pkgs/main/linux-64/setuptools-68.0.0-py39h06a4308_0.conda#0af0f107fd4cfe0b3b46ce9fe0471873
https://repo.anaconda.com/pkgs/main/noarch/six-1.16.0-pyhd3eb1b0_1.conda#34586824d411d36af2fa40e799c172d0
https://repo.anaconda.com/pkgs/main/linux-64/tomli-2.0.1-py39h06a4308_0.conda#b06dffe7ddca2645ed72f5116f0a087d
https://repo.anaconda.com/pkgs/main/linux-64/tomlkit-0.11.1-py39h06a4308_0.conda#a69ba3834a440ad22846c99cccff4cc3
https://repo.anaconda.com/pkgs/main/linux-64/toolz-0.12.0-py39h06a4308_0.conda#d53376d46a25d1926853267af7b26c18
https://repo.anaconda.com/pkgs/main/linux-64/typing_extensions-4.7.1-py39h06a4308_0.conda#cb989b6758211527baf12741e734b919
https://repo.anaconda.com/pkgs/main/linux-64/webencodings-0.5.1-py39h06a4308_1.conda#4a60ca4cc451f441031a8b6a0862121b
https://repo.anaconda.com/pkgs/main/linux-64/wheel-0.41.2-py39h06a4308_0.conda#ec1b8213c3585defaa6042ed2f95861d
https://repo.anaconda.com/pkgs/main/linux-64/zipp-3.11.0-py39h06a4308_0.conda#6b0ec14d6d5182748006e984590daca5
https://repo.anaconda.com/pkgs/main/linux-64/cffi-1.16.0-py39h5eee18b_0.conda#83d30dc3b9324cbb38cfce474aa65306
https://repo.anaconda.com/pkgs/main/linux-64/click-default-group-1.2.2-py39h06a4308_0.conda#ea14ff1fac03624bb88f6acbad0293e0
https://repo.anaconda.com/pkgs/main/noarch/clikit-0.6.2-py_0.conda#281a572ac24a9d39f42d4f0e14cfeb8e
https://repo.anaconda.com/pkgs/main/noarch/html5lib-1.1-pyhd3eb1b0_0.conda#24c4f675dfc77f9d1ae6cd3c33731c3c
https://repo.anaconda.com/pkgs/main/linux-64/importlib-metadata-6.0.0-py39h06a4308_0.conda#cc268ce97197920bd7ee27aa7c404a77
https://repo.anaconda.com/pkgs/main/noarch/jaraco.classes-3.2.1-pyhd3eb1b0_0.conda#7f47c66b55e92b2724174847703df72f
https://repo.anaconda.com/pkgs/main/linux-64/jinja2-3.1.2-py39h06a4308_0.conda#1ae40578c29a6ed9ca0cf23c89d48fa4
https://repo.anaconda.com/pkgs/main/linux-64/libnetcdf-4.8.1-h14805e7_4.conda#c3ccbb6c58f1d310f47673ba74c8a55d
https://repo.anaconda.com/pkgs/main/linux-64/numpy-base-1.26.0-py39hb5e798b_0.conda#be141fd5010554abc5c0a61b79586f0c
https://repo.anaconda.com/pkgs/main/linux-64/pip-23.3-py39h06a4308_0.conda#25664fd7e573de5af347e27cdb036023
https://conda.anaconda.org/conda-forge/linux-64/ruamel.yaml.clib-0.2.7-py39hd1e30aa_2.conda#743d996a1af8502f27770fadfd418434
https://repo.anaconda.com/pkgs/main/linux-64/typing-extensions-4.7.1-py39h06a4308_0.conda#fb2498386ee092be920b0a03395e6b77
https://repo.anaconda.com/pkgs/main/linux-64/virtualenv-20.17.1-py39h06a4308_0.conda#da6a41174fa4eb10dfb1f8f24b0b75c6
https://repo.anaconda.com/pkgs/main/linux-64/cryptography-41.0.3-py39hdda0065_0.conda#82f0c99355e3cc3c59a33e2ccb206287
https://repo.anaconda.com/pkgs/main/noarch/importlib_metadata-6.0.0-hd3eb1b0_0.conda#0af8f090f7e0090aa5f92dd9d537c09d
https://repo.anaconda.com/pkgs/main/linux-64/pydantic-1.10.12-py39h5eee18b_1.conda#88828a133ff4381ee02275752c2215ee
https://repo.anaconda.com/pkgs/main/linux-64/ruamel.yaml-0.17.21-py39h5eee18b_0.conda#98318e952aa1f128c2cfa9529d1a3a43
https://repo.anaconda.com/pkgs/main/linux-64/pyopenssl-23.2.0-py39h06a4308_0.conda#99fd2e5e1130ae26e91da8fb27c8b23c
https://repo.anaconda.com/pkgs/main/linux-64/secretstorage-3.3.1-py39h06a4308_1.conda#a36fafa7c4d44a91b031fbf743710082
https://repo.anaconda.com/pkgs/main/linux-64/keyring-23.13.1-py39h06a4308_0.conda#0eb90cc269d05afd3b8162d2d7d32e10
https://repo.anaconda.com/pkgs/main/linux-64/urllib3-1.26.18-py39h06a4308_0.conda#4cb9a204e7654ed2ba0e6dfdf78b289a
https://repo.anaconda.com/pkgs/main/linux-64/requests-2.31.0-py39h06a4308_0.conda#62209001b7fa1cfe0cedc6d0ad78ea30
https://repo.anaconda.com/pkgs/main/linux-64/cachecontrol-0.12.11-py39h06a4308_1.conda#7cb28c6fae676fea9d0f6cdabff2bb18
https://repo.anaconda.com/pkgs/main/linux-64/ensureconda-1.4.3-py39h06a4308_0.conda#2f6e6df1316a56d4439ab4ecb4634107
https://repo.anaconda.com/pkgs/main/linux-64/cachecontrol-with-filecache-0.12.11-py39h06a4308_1.conda#ac6acde0fa3e428fa2c10c91765e7d85
https://repo.anaconda.com/pkgs/main/linux-64/conda-lock-1.4.0-py39h06a4308_0.conda#f0118ddf9736e1fd9be1e2be224e6dcb
https://repo.anaconda.com/pkgs/main/linux-64/cftime-1.6.2-py39h7deecbd_0.conda#09a0f3909df30bca02109fa7aa884d1a
https://repo.anaconda.com/pkgs/main/linux-64/mkl_fft-1.3.8-py39h5eee18b_0.conda#c831e905ab901d1565bdc29455e52f06
https://repo.anaconda.com/pkgs/main/linux-64/mkl_random-1.2.4-py39hdb19cb5_0.conda#3a53daf4de61670a7d4931f224a0739d
https://repo.anaconda.com/pkgs/main/linux-64/numpy-1.26.0-py39h5f9d8c6_0.conda#0901653cbb72d8c7fd3f7181063634b9
https://repo.anaconda.com/pkgs/main/linux-64/netcdf4-1.6.2-py39h89d13dc_0.conda#50a84d13150f0c7ff1d33546b66938e2
# pip alabaster @ https://files.pythonhosted.org/packages/64/88/c7083fc61120ab661c5d0b82cb77079fc1429d3f913a456c1c82cf4658f7/alabaster-0.7.13-py3-none-any.whl#sha256=1ee19aca801bbabb5ba3f5f258e4422dfa86f82f3e9cefb0859b283cdd7f62a3
# pip attrs @ https://files.pythonhosted.org/packages/f0/eb/fcb708c7bf5056045e9e98f62b93bd7467eb718b0202e7698eb11d66416c/attrs-23.1.0-py3-none-any.whl#sha256=1f28b4522cdc2fb4256ac1a020c78acf9cba2c6b461ccd2c126f3aa8e8335d04
# pip babel @ https://files.pythonhosted.org/packages/86/14/5dc2eb02b7cc87b2f95930310a2cc5229198414919a116b564832c747bc1/Babel-2.13.1-py3-none-any.whl#sha256=7077a4984b02b6727ac10f1f7294484f737443d7e2e66c5e4380e41a3ae0b4ed
# pip cfgv @ https://files.pythonhosted.org/packages/c5/55/51844dd50c4fc7a33b653bfaba4c2456f06955289ca770a5dbd5fd267374/cfgv-3.4.0-py2.py3-none-any.whl#sha256=b7265b1f29fd3316bfcd2b330d63d024f2bfd8bcb8b0272f8e19a504856c48f9
# pip chardet @ https://files.pythonhosted.org/packages/38/6f/f5fbc992a329ee4e0f288c1fe0e2ad9485ed064cac731ed2fe47dcc38cbf/chardet-5.2.0-py3-none-any.whl#sha256=e1cf59446890a00105fe7b7912492ea04b6e6f06d4b742b2c788469e34c82970
# pip cloudpickle @ https://files.pythonhosted.org/packages/96/43/dae06432d0c4b1dc9e9149ad37b4ca8384cf6eb7700cd9215b177b914f0a/cloudpickle-3.0.0-py3-none-any.whl#sha256=246ee7d0c295602a036e86369c77fecda4ab17b506496730f2f576d9016fd9c7
# pip cycler @ https://files.pythonhosted.org/packages/e7/05/c19819d5e3d95294a6f5947fb9b9629efb316b96de511b418c53d245aae6/cycler-0.12.1-py3-none-any.whl#sha256=85cef7cff222d8644161529808465972e51340599459b8ac3ccbac5a854e0d30
# pip debugpy @ https://files.pythonhosted.org/packages/f7/79/6053a14f60e879b8cb1a42dadbbef8822603eadde79944c61e955309b622/debugpy-1.8.0-cp39-cp39-manylinux_2_17_x86_64.manylinux2014_x86_64.whl#sha256=125b9a637e013f9faac0a3d6a82bd17c8b5d2c875fb6b7e2772c5aba6d082332
# pip decorator @ https://files.pythonhosted.org/packages/d5/50/83c593b07763e1161326b3b8c6686f0f4b0f24d5526546bee538c89837d6/decorator-5.1.1-py3-none-any.whl#sha256=b8c3f85900b9dc423225913c5aace94729fe1fa9763b38939a95226f02d37186
# pip docutils @ https://files.pythonhosted.org/packages/8d/14/69b4bad34e3f250afe29a854da03acb6747711f3df06c359fa053fae4e76/docutils-0.18.1-py2.py3-none-any.whl#sha256=23010f129180089fbcd3bc08cfefccb3b890b0050e1ca00c867036e9d161b98c
# pip exceptiongroup @ https://files.pythonhosted.org/packages/ad/83/b71e58666f156a39fb29417e4c8ca4bc7400c0dd4ed9e8842ab54dc8c344/exceptiongroup-1.1.3-py3-none-any.whl#sha256=343280667a4585d195ca1cf9cef84a4e178c4b6cf2274caef9859782b567d5e3
# pip executing @ https://files.pythonhosted.org/packages/80/03/6ea8b1b2a5ab40a7a60dc464d3daa7aa546e0a74d74a9f8ff551ea7905db/executing-2.0.1-py2.py3-none-any.whl#sha256=eac49ca94516ccc753f9fb5ce82603156e590b27525a8bc32cce8ae302eb61bc
# pip fastjsonschema @ https://files.pythonhosted.org/packages/63/e9/d3dca06ea6b8e58e65716973bc7d9bee9bc39ce233595aa04d04e89a1089/fastjsonschema-2.19.0-py3-none-any.whl#sha256=b9fd1a2dd6971dbc7fee280a95bd199ae0dd9ce22beb91cc75e9c1c528a5170e
# pip fonttools @ https://files.pythonhosted.org/packages/79/8d/066d01d66c275bb0f0febdb4aade510e72bc2e729be90755902d58122227/fonttools-4.44.3-cp39-cp39-manylinux_2_17_x86_64.manylinux2014_x86_64.whl#sha256=50b43fd55089ae850a050f0c382f13fc9586279a540b646b28b9e93fbc05b8a3
# pip fsspec @ https://files.pythonhosted.org/packages/e8/f6/3eccfb530aac90ad1301c582da228e4763f19e719ac8200752a4841b0b2d/fsspec-2023.10.0-py3-none-any.whl#sha256=346a8f024efeb749d2a5fca7ba8854474b1ff9af7c3faaf636a4548781136529
# pip future @ https://files.pythonhosted.org/packages/8f/2e/cf6accf7415237d6faeeebdc7832023c90e0282aa16fd3263db0eb4715ec/future-0.18.3.tar.gz#sha256=34a17436ed1e96697a86f9de3d15a3b0be01d8bc8de9c1dffd59fb8234ed5307
# pip greenlet @ https://files.pythonhosted.org/packages/19/74/f853d9ba23292692c5c2c9ae998381d9096ca3749a55f6035b6746bb919b/greenlet-3.0.1-cp39-cp39-manylinux_2_24_x86_64.manylinux_2_28_x86_64.whl#sha256=85d2b77e7c9382f004b41d9c72c85537fac834fb141b0296942d52bf03fe4a3d
# pip identify @ https://files.pythonhosted.org/packages/21/10/a440f2260e2def024f5deb08a59e7d89448dd8f36049183b9fa678a098ad/identify-2.5.32-py2.py3-none-any.whl#sha256=0b7656ef6cba81664b783352c73f8c24b39cf82f926f78f4550eda928e5e0545
# pip imagesize @ https://files.pythonhosted.org/packages/ff/62/85c4c919272577931d407be5ba5d71c20f0b616d31a0befe0ae45bb79abd/imagesize-1.4.1-py2.py3-none-any.whl#sha256=0d8d18d08f840c19d0ee7ca1fd82490fdc3729b7ac93f49870406ddde8ef8d8b
# pip kiwisolver @ https://files.pythonhosted.org/packages/c0/a8/841594f11d0b88d8aeb26991bc4dac38baa909dc58d0c4262a4f7893bcbf/kiwisolver-1.4.5-cp39-cp39-manylinux_2_12_x86_64.manylinux2010_x86_64.whl#sha256=6c3bd3cde54cafb87d74d8db50b909705c62b17c2099b8f2e25b461882e544ff
# pip locket @ https://files.pythonhosted.org/packages/db/bc/83e112abc66cd466c6b83f99118035867cecd41802f8d044638aa78a106e/locket-1.0.0-py2.py3-none-any.whl#sha256=b6c819a722f7b6bd955b80781788e4a66a55628b858d347536b7e81325a3a5e3
# pip mdurl @ https://files.pythonhosted.org/packages/b3/38/89ba8ad64ae25be8de66a6d463314cf1eb366222074cfda9ee839c56a4b4/mdurl-0.1.2-py3-none-any.whl#sha256=84008a41e51615a49fc9966191ff91509e3c40b939176e643fd50a5c2196b8f8
# pip nest-asyncio @ https://files.pythonhosted.org/packages/ab/d3/48c01d1944e0ee49fdc005bf518a68b0582d3bd201e5401664890b62a647/nest_asyncio-1.5.8-py3-none-any.whl#sha256=accda7a339a70599cb08f9dd09a67e0c2ef8d8d6f4c07f96ab203f2ae254e48d
# pip nodeenv @ https://files.pythonhosted.org/packages/1a/e6/6d2ead760a9ddb35e65740fd5a57e46aadd7b0c49861ab24f94812797a1c/nodeenv-1.8.0-py2.py3-none-any.whl#sha256=df865724bb3c3adc86b3876fa209771517b0cfe596beff01a92700e0e8be4cec
# pip numpy @ https://files.pythonhosted.org/packages/89/ac/53100546dcd9aa400a73c7770b13cad9a3b18bf83433499e36b5efe9850f/numpy-1.26.1-cp39-cp39-manylinux_2_17_x86_64.manylinux2014_x86_64.whl#sha256=a5b411040beead47a228bde3b2241100454a6abde9df139ed087bd73fc0a4908
# pip parso @ https://files.pythonhosted.org/packages/05/63/8011bd08a4111858f79d2b09aad86638490d62fbf881c44e434a6dfca87b/parso-0.8.3-py2.py3-none-any.whl#sha256=c001d4636cd3aecdaf33cbb40aebb59b094be2a74c556778ef5576c175e19e75
# pip pillow @ https://files.pythonhosted.org/packages/5c/dc/acccca38a87272cb2eed372f112595439418dfb6119770b04dc06d3b78bd/Pillow-10.1.0-cp39-cp39-manylinux_2_28_x86_64.whl#sha256=b4005fee46ed9be0b8fb42be0c20e79411533d1fd58edabebc0dd24626882cfd
# pip psutil @ https://files.pythonhosted.org/packages/19/06/4e3fa3c1b79271e933c5ddbad3a48aa2c3d5f592a0fb7c037f3e0f619f4d/psutil-5.9.6-cp36-abi3-manylinux_2_12_x86_64.manylinux2010_x86_64.manylinux_2_17_x86_64.manylinux2014_x86_64.whl#sha256=748c9dd2583ed86347ed65d0035f45fa8c851e8d90354c122ab72319b5f366f4
# pip ptyprocess @ https://files.pythonhosted.org/packages/22/a6/858897256d0deac81a172289110f31629fc4cee19b6f01283303e18c8db3/ptyprocess-0.7.0-py2.py3-none-any.whl#sha256=4b41f3967fce3af57cc7e94b888626c18bf37a083e3651ca8feeb66d492fef35
# pip pure-eval @ https://files.pythonhosted.org/packages/2b/27/77f9d5684e6bce929f5cfe18d6cfbe5133013c06cb2fbf5933670e60761d/pure_eval-0.2.2-py3-none-any.whl#sha256=01eaab343580944bc56080ebe0a674b39ec44a945e6d09ba7db3cb8cec289350
# pip pygments @ https://files.pythonhosted.org/packages/5b/66/a48025f51da4dec44c7a3de9b643fdc34ffb92ad1f2b3e90ebc6305d2c0f/pygments-2.17.0-py3-none-any.whl#sha256=cd0c46944b2551af02ecc15961050182ea120d3895000e2676160820f3421527
# pip pyparsing @ https://files.pythonhosted.org/packages/39/92/8486ede85fcc088f1b3dba4ce92dd29d126fd96b0008ea213167940a2475/pyparsing-3.1.1-py3-none-any.whl#sha256=32c7c0b711493c72ff18a981d24f28aaf9c1fb7ed5e9667c9e84e3db623bdbfb
# pip pytz @ https://files.pythonhosted.org/packages/32/4d/aaf7eff5deb402fd9a24a1449a8119f00d74ae9c2efa79f8ef9994261fc2/pytz-2023.3.post1-py2.py3-none-any.whl#sha256=ce42d816b81b68506614c11e8937d3aa9e41007ceb50bfdcb0749b921bf646c7
# pip rpds-py @ https://files.pythonhosted.org/packages/4c/1c/9e48f3a31edae9aecc2258a96d2d1b61dc68337988251ca1c639669699fd/rpds_py-0.13.0-cp39-cp39-manylinux_2_17_x86_64.manylinux2014_x86_64.whl#sha256=e33b17915c8e4fb2ea8b91bb4c46cba92242c63dd38b87e869ead5ba217e2970
# pip ruamel.yaml.clib @ https://files.pythonhosted.org/packages/7c/b2/389b345a60131593028b0263fddaa580edb4081697a3f3aa1f168f67519f/ruamel.yaml.clib-0.2.8-cp39-cp39-manylinux_2_5_x86_64.manylinux1_x86_64.whl#sha256=da09ad1c359a728e112d60116f626cc9f29730ff3e0e7db72b9a2dbc2e4beed5
# pip smmap @ https://files.pythonhosted.org/packages/a7/a5/10f97f73544edcdef54409f1d839f6049a0d79df68adbc1ceb24d1aaca42/smmap-5.0.1-py3-none-any.whl#sha256=e6d8668fa5f93e706934a62d7b4db19c8d9eb8cf2adbb75ef1b675aa332b69da
# pip snowballstemmer @ https://files.pythonhosted.org/packages/ed/dc/c02e01294f7265e63a7315fe086dd1df7dacb9f840a804da846b96d01b96/snowballstemmer-2.2.0-py2.py3-none-any.whl#sha256=c8e1716e83cc398ae16824e5572ae04e0d9fc2c6b985fb0f900f5f0c96ecba1a
# pip soupsieve @ https://files.pythonhosted.org/packages/4c/f3/038b302fdfbe3be7da016777069f26ceefe11a681055ea1f7817546508e3/soupsieve-2.5-py3-none-any.whl#sha256=eaa337ff55a1579b6549dc679565eac1e3d000563bcb1c8ab0d0fefbc0c2cdc7
# pip sphinxcontrib-jsmath @ https://files.pythonhosted.org/packages/c2/42/4c8646762ee83602e3fb3fbe774c2fac12f317deb0b5dbeeedd2d3ba4b77/sphinxcontrib_jsmath-1.0.1-py2.py3-none-any.whl#sha256=2ec2eaebfb78f3f2078e73666b1415417a116cc848b72e5172e596c871103178
# pip tabulate @ https://files.pythonhosted.org/packages/40/44/4a5f08c96eb108af5cb50b41f76142f0afa346dfa99d5296fe7202a11854/tabulate-0.9.0-py3-none-any.whl#sha256=024ca478df22e9340661486f85298cff5f6dcdba14f3813e8830015b9ed1948f
# pip tenacity @ https://files.pythonhosted.org/packages/f4/f1/990741d5bb2487d529d20a433210ffa136a367751e454214013b441c4575/tenacity-8.2.3-py3-none-any.whl#sha256=ce510e327a630c9e1beaf17d42e6ffacc88185044ad85cf74c0a8887c6a0f88c
# pip tornado @ https://files.pythonhosted.org/packages/66/a5/e6da56c03ff61200d5a43cfb75ab09316fc0836aa7ee26b4e9dcbfc3ae85/tornado-6.3.3-cp38-abi3-manylinux_2_5_x86_64.manylinux1_x86_64.manylinux_2_17_x86_64.manylinux2014_x86_64.whl#sha256=71a8db65160a3c55d61839b7302a9a400074c9c753040455494e2af74e2501f2
# pip traitlets @ https://files.pythonhosted.org/packages/ed/fd/cfc0d27ca11f3dd12b2a90d06875d8bfb532ef40ce67be4066d10807f4aa/traitlets-5.13.0-py3-none-any.whl#sha256=baf991e61542da48fe8aef8b779a9ea0aa38d8a54166ee250d5af5ecf4486619
# pip tzdata @ https://files.pythonhosted.org/packages/d5/fb/a79efcab32b8a1f1ddca7f35109a50e4a80d42ac1c9187ab46522b2407d7/tzdata-2023.3-py2.py3-none-any.whl#sha256=7e65763eef3120314099b6939b5546db7adce1e7d6f2e179e3df563c70511eda
# pip uc-micro-py @ https://files.pythonhosted.org/packages/d1/1c/5aeb94aa980da111e4fd0c0fbe5ad95ed5bf9bd957f8e2a6178b85ff4da8/uc_micro_py-1.0.2-py3-none-any.whl#sha256=8c9110c309db9d9e87302e2f4ad2c3152770930d88ab385cd544e7a7e75f3de0
# pip wcwidth @ https://files.pythonhosted.org/packages/cd/af/fb045bb3d3daedf28e1bedd771674f73de9e06664a48b1579e14d4120158/wcwidth-0.2.10-py2.py3-none-any.whl#sha256=aec5179002dd0f0d40c456026e74a729661c9d468e1ed64405e3a6c2176ca36f
# pip accessible-pygments @ https://files.pythonhosted.org/packages/20/d7/45cfa326d945e411c7e02764206845b05f8f5766aa7ebc812ef3bc4138cd/accessible_pygments-0.0.4-py2.py3-none-any.whl#sha256=416c6d8c1ea1c5ad8701903a20fcedf953c6e720d64f33dc47bfb2d3f2fa4e8d
# pip asttokens @ https://files.pythonhosted.org/packages/45/86/4736ac618d82a20d87d2f92ae19441ebc7ac9e7a581d7e58bbe79233b24a/asttokens-2.4.1-py2.py3-none-any.whl#sha256=051ed49c3dcae8913ea7cd08e46a606dba30b79993209636c4875bc1d637bc24
# pip beautifulsoup4 @ https://files.pythonhosted.org/packages/57/f4/a69c20ee4f660081a7dedb1ac57f29be9378e04edfcb90c526b923d4bebc/beautifulsoup4-4.12.2-py3-none-any.whl#sha256=bd2520ca0d9d7d12694a53d44ac482d181b4ec1888909b035a3dbf40d0f57d4a
# pip cachecontrol @ https://files.pythonhosted.org/packages/1d/e3/a22348e6226dcd585d5a4b5f0175b3a16dabfd3912cbeb02f321d00e56c7/cachecontrol-0.13.1-py3-none-any.whl#sha256=95dedbec849f46dda3137866dc28b9d133fc9af55f5b805ab1291833e4457aa4
# pip comm @ https://files.pythonhosted.org/packages/7b/a6/5fd0242e974914b139451eea0a61ed9fd2e47157e33a67939043c50a94dd/comm-0.2.0-py3-none-any.whl#sha256=2da8d9ebb8dd7bfc247adaff99f24dce705638a8042b85cb995066793e391001
# pip contourpy @ https://files.pythonhosted.org/packages/a9/ba/d8fd1380876f1e9114157606302e3644c85f6d116aeba354c212ee13edc7/contourpy-1.2.0-cp39-cp39-manylinux_2_17_x86_64.manylinux2014_x86_64.whl#sha256=11f8d2554e52f459918f7b8e6aa20ec2a3bce35ce95c1f0ef4ba36fbda306df5
# pip gitdb @ https://files.pythonhosted.org/packages/fd/5b/8f0c4a5bb9fd491c277c21eff7ccae71b47d43c4446c9d0c6cff2fe8c2c4/gitdb-4.0.11-py3-none-any.whl#sha256=81a3407ddd2ee8df444cbacea00e2d038e40150acfa3001696fe0dcf1d3adfa4
# pip importlib-resources @ https://files.pythonhosted.org/packages/93/e8/facde510585869b5ec694e8e0363ffe4eba067cb357a8398a55f6a1f8023/importlib_resources-6.1.1-py3-none-any.whl#sha256=e8bf90d8213b486f428c9c39714b920041cb02c184686a3dee24905aaa8105d6
# pip jaraco.classes @ https://files.pythonhosted.org/packages/c7/6b/1bc8fa93ea85146e08f0e0883bc579b7c7328364ed7df90b1628dcb36e10/jaraco.classes-3.3.0-py3-none-any.whl#sha256=10afa92b6743f25c0cf5f37c6bb6e18e2c5bb84a16527ccfc0040ea377e7aaeb
# pip jedi @ https://files.pythonhosted.org/packages/20/9f/bc63f0f0737ad7a60800bfd472a4836661adae21f9c2535f3957b1e54ceb/jedi-0.19.1-py2.py3-none-any.whl#sha256=e983c654fe5c02867aef4cdfce5a2fbb4a50adc0af145f70504238f18ef5e7e0
# pip jupyter-core @ https://files.pythonhosted.org/packages/ab/ea/af6508f71d2bcbf4db538940120cc3d3f10287f62105e756bd315aa345b5/jupyter_core-5.5.0-py3-none-any.whl#sha256=e11e02cd8ae0a9de5c6c44abf5727df9f2581055afe00b22183f621ba3585805
# pip latexcodec @ https://files.pythonhosted.org/packages/0a/76/9552dfc6b74c2d6c3f199e927d41998dc1e561b7cbe4af7e7247388e17e8/latexcodec-2.0.1-py2.py3-none-any.whl#sha256=c277a193638dc7683c4c30f6684e3db728a06efb0dc9cf346db8bd0aa6c5d271
# pip linkify-it-py @ https://files.pythonhosted.org/packages/1f/1a/16b0d2f66601ba3081f1d4177087c79fd1f11d17706ee01d373e4ba8e00d/linkify_it_py-2.0.2-py3-none-any.whl#sha256=a3a24428f6c96f27370d7fe61d2ac0be09017be5190d68d8658233171f1b6541
# pip markdown-it-py @ https://files.pythonhosted.org/packages/bf/25/2d88e8feee8e055d015343f9b86e370a1ccbec546f2865c98397aaef24af/markdown_it_py-2.2.0-py3-none-any.whl#sha256=5a35f8d1870171d9acc47b99612dc146129b631baf04970128b568f190d0cc30
# pip matplotlib-inline @ https://files.pythonhosted.org/packages/f2/51/c34d7a1d528efaae3d8ddb18ef45a41f284eacf9e514523b191b7d0872cc/matplotlib_inline-0.1.6-py3-none-any.whl#sha256=f1f41aab5328aa5aaea9b16d083b128102f8712542f819fe7e6a420ff581b311
# pip partd @ https://files.pythonhosted.org/packages/11/8a/b7a58e208b144a7315208a0dd627e23f5f50b47fa89c2924bb2e9238ecfb/partd-1.4.1-py3-none-any.whl#sha256=27e766663d36c161e2827aa3e28541c992f0b9527d3cca047e13fb3acdb989e6
# pip pexpect @ https://files.pythonhosted.org/packages/39/7b/88dbb785881c28a102619d46423cb853b46dbccc70d3ac362d99773a78ce/pexpect-4.8.0-py2.py3-none-any.whl#sha256=0b48a55dcb3c05f3329815901ea4fc1537514d6ba867a152b581d69ae3710937
# pip plotly @ https://files.pythonhosted.org/packages/a8/07/72953cf70e3bd3a24cbc3e743e6f8539abe6e3e6d83c3c0c83426eaffd39/plotly-5.18.0-py3-none-any.whl#sha256=23aa8ea2f4fb364a20d34ad38235524bd9d691bf5299e800bca608c31e8db8de
# pip pre-commit @ https://files.pythonhosted.org/packages/6c/75/526915fedf462e05eeb1c75ceaf7e3f9cde7b5ce6f62740fe5f7f19a0050/pre_commit-3.5.0-py2.py3-none-any.whl#sha256=841dc9aef25daba9a0238cd27984041fa0467b4199fc4852e27950664919f660
# pip prompt-toolkit @ https://files.pythonhosted.org/packages/1f/9d/be9b01085bbd67a71c4b6aa02518fade8104e7a2224e5de5e947811d7176/prompt_toolkit-3.0.41-py3-none-any.whl#sha256=f36fe301fafb7470e86aaf90f036eef600a3210be4decf461a5b1ca8403d3cb2
# pip python-dateutil @ https://files.pythonhosted.org/packages/36/7a/87837f39d0296e723bb9b62bbb257d0355c7f6128853c78955f57342a56d/python_dateutil-2.8.2-py2.py3-none-any.whl#sha256=961d03dc3453ebbc59dbdea9e4e11c5651520a876d0f4db161e8674aae935da9
# pip pyzmq @ https://files.pythonhosted.org/packages/a2/e0/08605421a2ede5d87adbde9685599fa7e6af1df700c657759a1892ced942/pyzmq-25.1.1-cp39-cp39-manylinux_2_12_x86_64.manylinux2010_x86_64.whl#sha256=d457aed310f2670f59cc5b57dcfced452aeeed77f9da2b9763616bd57e4dbaae
# pip referencing @ https://files.pythonhosted.org/packages/29/c1/69342fbc8efd1aac5cda853cea771763b95d92325c4f8f83b499c07bc698/referencing-0.31.0-py3-none-any.whl#sha256=381b11e53dd93babb55696c71cf42aef2d36b8a150c49bf0bc301e36d536c882
# pip sqlalchemy @ https://files.pythonhosted.org/packages/5c/e7/d363abf1882ef31e780821b27bda4750d31fd46149da6b3741e99b23f873/SQLAlchemy-2.0.23-cp39-cp39-manylinux_2_17_x86_64.manylinux2014_x86_64.whl#sha256=4895a63e2c271ffc7a81ea424b94060f7b3b03b4ea0cd58ab5bb676ed02f4221
# pip dask @ https://files.pythonhosted.org/packages/9a/83/e11961f175a6aff67a46dcf4f4f4eba709678b5a351bc4d2c913d9eb39b9/dask-2023.11.0-py3-none-any.whl#sha256=b950951ee3f8c86f003b577b6928ecf20089eee6677719578deaba8fd9a78203
# pip gitpython @ https://files.pythonhosted.org/packages/8d/c4/82b858fb6483dfb5e338123c154d19c043305b01726a67d89532b8f8f01b/GitPython-3.1.40-py3-none-any.whl#sha256=cf14627d5a8049ffbf49915732e5eddbe8134c3bdb9d476e6182b676fc573f8a
# pip jsonschema-specifications @ https://files.pythonhosted.org/packages/20/a9/384ec45013ab883d7c2bf120f2988682986fdead973decf0bae28a4523e7/jsonschema_specifications-2023.11.1-py3-none-any.whl#sha256=f596778ab612b3fd29f72ea0d990393d0540a5aab18bf0407a46632eab540779
# pip jupyter-client @ https://files.pythonhosted.org/packages/43/ae/5f4f72980765e2e5e02b260f9c53bcc706cefa7ac9c8d7240225c55788d4/jupyter_client-8.6.0-py3-none-any.whl#sha256=909c474dbe62582ae62b758bca86d6518c85234bdee2d908c778db6d72f39d99
# pip matplotlib @ https://files.pythonhosted.org/packages/53/1f/653d60d2ec81a6095fa3e571cf2de57742bab8a51a5c01de26730ce3dc53/matplotlib-3.8.2-cp39-cp39-manylinux_2_17_x86_64.manylinux2014_x86_64.whl#sha256=5864bdd7da445e4e5e011b199bb67168cdad10b501750367c496420f2ad00843
# pip mdit-py-plugins @ https://files.pythonhosted.org/packages/fe/4c/a9b222f045f98775034d243198212cbea36d3524c3ee1e8ab8c0346d6953/mdit_py_plugins-0.3.5-py3-none-any.whl#sha256=ca9a0714ea59a24b2b044a1831f48d817dd0c817e84339f20e7889f392d77c4e
# pip pandas @ https://files.pythonhosted.org/packages/4e/7b/6c251522fd21ad2a51f26df677582ed917650cb8dff286e17625e7a6531b/pandas-2.1.3-cp39-cp39-manylinux_2_17_x86_64.manylinux2014_x86_64.whl#sha256=1329dbe93a880a3d7893149979caa82d6ba64a25e471682637f846d9dbc10dd2
# pip pybtex @ https://files.pythonhosted.org/packages/ad/5f/40d8e90f985a05133a8895fc454c6127ecec3de8b095dd35bba91382f803/pybtex-0.24.0-py2.py3-none-any.whl#sha256=e1e0c8c69998452fea90e9179aa2a98ab103f3eed894405b7264e517cc2fcc0f
# pip stack-data @ https://files.pythonhosted.org/packages/f1/7b/ce1eafaf1a76852e2ec9b22edecf1daa58175c090266e9f6c64afcd81d91/stack_data-0.6.3-py3-none-any.whl#sha256=d5558e0c25a4cb0853cddad3d77da9891a08cb85dd9f9f91b9f8cd66e511e695
# pip conda-lock @ https://files.pythonhosted.org/packages/f0/ce/a547e6ce61fa22e75bb88a20df752919ca766903fd6cd205b445b9bc715b/conda_lock-2.4.2-py3-none-any.whl#sha256=50cde6fed8eafb3908c57676da8bfc4a372e34959bcb1384130f2ff5a20eae68
# pip ipython @ https://files.pythonhosted.org/packages/20/45/18f0dc2cbc3ee6680a004f620fb1400c6511ded0a76a2dd241813786ce73/ipython-8.17.2-py3-none-any.whl#sha256=1e4d1d666a023e3c93585ba0d8e962867f7a111af322efff6b9c58062b3e5444
# pip jsonschema @ https://files.pythonhosted.org/packages/0f/ed/0058234d8dd2b1fc6beeea8eab945191a05e9d391a63202f49fe23327586/jsonschema-4.20.0-py3-none-any.whl#sha256=ed6231f0429ecf966f5bc8dfef245998220549cbbcf140f913b7464c52c3b6b3
# pip pybtex-docutils @ https://files.pythonhosted.org/packages/11/b1/ce1f4596211efb5410e178a803f08e59b20bedb66837dcf41e21c54f9ec1/pybtex_docutils-1.0.3-py3-none-any.whl#sha256=8fd290d2ae48e32fcb54d86b0efb8d573198653c7e2447d5bec5847095f430b9
# pip xarray @ https://files.pythonhosted.org/packages/1a/66/39d1df58fc6f06c19551dd9c8da5f9504b424b7f7212424fe25e69f97149/xarray-2023.10.1-py3-none-any.whl#sha256=71ea549e9be6dfeab19c2736acf659967b861aad2397691a80e5fad0c61db2ad
# pip ipykernel @ https://files.pythonhosted.org/packages/c8/7d/2df9b38e2310e36a1b4a92bfe85f53ce24c638f9b7d9bd992bded11ce604/ipykernel-6.26.0-py3-none-any.whl#sha256=3ba3dc97424b87b31bb46586b5167b3161b32d7820b9201a9e698c71e271602c
# pip nbformat @ https://files.pythonhosted.org/packages/f4/e7/ef30a90b70eba39e675689b9eaaa92530a71d7435ab8f9cae520814e0caf/nbformat-5.9.2-py3-none-any.whl#sha256=1c5172d786a41b82bcfd0c23f9e6b6f072e8fb49c39250219e4acfff1efe89e9
# pip xgcm @ https://files.pythonhosted.org/packages/4a/d8/0136cb3ea6392271c23ef81e47bd108234828200d894de4b6730dadfefb5/xgcm-0.8.1-py3-none-any.whl#sha256=e0a2df491cd93a3b49b6d13969f7ad333293a979848b15e853dd2c226f37e1a1
# pip nbclient @ https://files.pythonhosted.org/packages/f3/97/d35da363d1df4a68f1b3d44335f80235487d7ca77d1f606b0c3523118f34/nbclient-0.7.4-py3-none-any.whl#sha256=c817c0768c5ff0d60e468e017613e6eae27b6fa31e43f905addd2d24df60c125
# pip jupyter-cache @ https://files.pythonhosted.org/packages/da/8e/918b115bb3b4b821e2d43315e1a08b909219723191623ffbae9072fd226a/jupyter_cache-0.6.1-py3-none-any.whl#sha256=2fce7d4975805c77f75bdfc1bc2e82bc538b8e5b1af27f2f5e06d55b9f996a82
# pip myst-parser @ https://files.pythonhosted.org/packages/72/fd/594c936c65e707deda5670e8fff5ca2c948a12e922813eab5d316694e9ca/myst_parser-0.18.1-py3-none-any.whl#sha256=61b275b85d9f58aa327f370913ae1bec26ebad372cc99f3ab85c8ec3ee8d9fb8
# pip myst-nb @ https://files.pythonhosted.org/packages/72/84/38b6468146945cf0466a149763d62bd0264cb221eaa74c979498ea215f22/myst_nb-0.17.2-py3-none-any.whl#sha256=132ca4d0f5c308fdd4b6fdaba077712e28e119ccdafd04d6e41b51aac5483494
# pip pydata-sphinx-theme @ https://files.pythonhosted.org/packages/4b/a1/3434ce0450af1007a396ae16fb61d2a465958c4704682bad20120ee1141b/pydata_sphinx_theme-0.14.3-py3-none-any.whl#sha256=b7e40cd75a20449adfe2d7525be379b9fe92f6d31e5233e449fa34ddcd4398d9
# pip sphinx-book-theme @ https://files.pythonhosted.org/packages/8e/45/3abe359075154f4d6a8626f4b591a28cc703d7c169cef1f7b87cab1a62f7/sphinx_book_theme-1.0.1-py3-none-any.whl#sha256=d15f8248b3718a9a6be0ba617a32d1591f9fa39c614469bface777ba06a73b75
# pip sphinx-comments @ https://files.pythonhosted.org/packages/26/97/a5c39f619375d4f81d5422377fb027075898efa6b6202c1ccf1e5bb38a32/sphinx_comments-0.0.3-py3-none-any.whl#sha256=1e879b4e9bfa641467f83e3441ac4629225fc57c29995177d043252530c21d00
# pip sphinx-copybutton @ https://files.pythonhosted.org/packages/9e/48/1ea60e74949eecb12cdd6ac43987f9fd331156388dcc2319b45e2ebb81bf/sphinx_copybutton-0.5.2-py3-none-any.whl#sha256=fb543fd386d917746c9a2c50360c7905b605726b9355cd26e9974857afeae06e
# pip sphinx-design @ https://files.pythonhosted.org/packages/89/aa/9872f086a8f483f86f174d3eb03c6954b01e851e151c4ddbd5bf758a9402/sphinx_design-0.3.0-py3-none-any.whl#sha256=823c1dd74f31efb3285ec2f1254caefed29d762a40cd676f58413a1e4ed5cc96
# pip sphinx-external-toc @ https://files.pythonhosted.org/packages/6a/2e/ba8e08ac97618e3f207e19297840937d4c39d77cea1aca2b8ea0a18f0bd8/sphinx_external_toc-0.3.1-py3-none-any.whl#sha256=cd93c1e7599327b2a728db12d9819068ce719c4b037ffc62e47f20ffb6310fb3
# pip sphinx-jupyterbook-latex @ https://files.pythonhosted.org/packages/18/9e/23dfce036d9cd50d71fcc7da70b99b7a6ea92bd55eb4a2fc2ac8a9501dbf/sphinx_jupyterbook_latex-0.5.2-py3-none-any.whl#sha256=24de689689ddc27c736b15b91c6b9afdcdc31570938572693bb05bfff8f50758
# pip sphinx-multitoc-numbering @ https://files.pythonhosted.org/packages/ec/9f/902f2030674cd9473fdbe5a2c2dec2618c27ec853484c35f82cf8df40ece/sphinx_multitoc_numbering-0.1.3-py3-none-any.whl#sha256=33d2e707a9b2b8ad636b3d4302e658a008025106fe0474046c651144c26d8514
# pip sphinx-thebe @ https://files.pythonhosted.org/packages/58/1c/f4a84761862a783273bb11e4e8f36976f19d18a0ead4543663b02140a9cd/sphinx_thebe-0.2.1-py3-none-any.whl#sha256=e8af555c90acba3541fa7108ea5981ae9c4bd406b54d9a242ab054d326ab7441
# pip sphinx-togglebutton @ https://files.pythonhosted.org/packages/e9/18/267ce39f29d26cdc7177231428ba823fe5ca94db8c56d1bed69033b364c8/sphinx_togglebutton-0.3.2-py3-none-any.whl#sha256=9647ba7874b7d1e2d43413d8497153a85edc6ac95a3fea9a75ef9c1e08aaae2b
# pip sphinxcontrib-applehelp @ https://files.pythonhosted.org/packages/c0/0c/261c0949083c0ac635853528bb0070c89e927841d4e533ba0b5563365c06/sphinxcontrib_applehelp-1.0.7-py3-none-any.whl#sha256=094c4d56209d1734e7d252f6e0b3ccc090bd52ee56807a5d9315b19c122ab15d
# pip sphinxcontrib-bibtex @ https://files.pythonhosted.org/packages/b2/17/3be04de2ed752996654895558db01a30d64759b2c7120e7692402b8d4e19/sphinxcontrib_bibtex-2.5.0-py3-none-any.whl#sha256=748f726eaca6efff7731012103417ef130ecdcc09501b4d0c54283bf5f059f76
# pip jupyter-book @ https://files.pythonhosted.org/packages/ab/ef/c56470847067fd6d4c059265543188c63b56d01aa2107b18895404f82a9c/jupyter_book-0.15.1-py3-none-any.whl#sha256=7671264952abd1ca3f5e713b03e138dda710c92a985c49154f398817fe089968
# pip sphinxcontrib-devhelp @ https://files.pythonhosted.org/packages/c0/03/010ac733ec7b7f71c1dc88e7115743ee466560d6d85373b56fb9916e4586/sphinxcontrib_devhelp-1.0.5-py3-none-any.whl#sha256=fe8009aed765188f08fcaadbb3ea0d90ce8ae2d76710b7e29ea7d047177dae2f
# pip sphinxcontrib-htmlhelp @ https://files.pythonhosted.org/packages/28/7a/958f8e3e6abe8219d0d1f1224886de847ab227b218f4a07b61bc337f64be/sphinxcontrib_htmlhelp-2.0.4-py3-none-any.whl#sha256=8001661c077a73c29beaf4a79968d0726103c5605e27db92b9ebed8bab1359e9
# pip sphinxcontrib-qthelp @ https://files.pythonhosted.org/packages/1f/e5/1850f3f118e95581c1e30b57028ac979badee1eb29e70ee72b0241f5a185/sphinxcontrib_qthelp-1.0.6-py3-none-any.whl#sha256=bf76886ee7470b934e363da7a954ea2825650013d367728588732c7350f49ea4
# pip sphinx @ https://files.pythonhosted.org/packages/fd/a2/3139e82a7caa2fb6954d0e63db206cc60e0ad6c67ae61ef9cf87dc70ade1/Sphinx-5.0.2-py3-none-any.whl#sha256=d3e57663eed1d7c5c50895d191fdeda0b54ded6f44d5621b50709466c338d1e8
# pip sphinxcontrib-serializinghtml @ https://files.pythonhosted.org/packages/95/d6/2e0bda62b2a808070ac922d21a950aa2cb5e4fcfb87e5ff5f86bc43a2201/sphinxcontrib_serializinghtml-1.1.9-py3-none-any.whl#sha256=9b36e503703ff04f20e9675771df105e58aa029cfcbc23b8ed716019b7416ae1
